
Microsoft Visual Studio Solution File, Format Version 12.00
# Visual Studio Version 16
VisualStudioVersion = 16.0.32802.440
MinimumVisualStudioVersion = 10.0.40219.1
Project("{FAE04EC0-301F-11D3-BF4B-00C04F79EFBC}") = "RegistroUsuarioImg", "RegistroUsuarioImg\RegistroUsuarioImg.csproj", "{52F02CAF-9496-4424-9357-6D3F35ABBCB6}"
EndProject
Global
	GlobalSection(SolutionConfigurationPlatforms) = preSolution
		Debug|Any CPU = Debug|Any CPU
		Release|Any CPU = Release|Any CPU
	EndGlobalSection
	GlobalSection(ProjectConfigurationPlatforms) = postSolution
		{52F02CAF-9496-4424-9357-6D3F35ABBCB6}.Debug|Any CPU.ActiveCfg = Debug|Any CPU
		{52F02CAF-9496-4424-9357-6D3F35ABBCB6}.Debug|Any CPU.Build.0 = Debug|Any CPU
		{52F02CAF-9496-4424-9357-6D3F35ABBCB6}.Release|Any CPU.ActiveCfg = Release|Any CPU
		{52F02CAF-9496-4424-9357-6D3F35ABBCB6}.Release|Any CPU.Build.0 = Release|Any CPU
	EndGlobalSection
	GlobalSection(SolutionProperties) = preSolution
		HideSolutionNode = FALSE
	EndGlobalSection
	GlobalSection(ExtensibilityGlobals) = postSolution
		SolutionGuid = {4B739C9C-F14F-499E-8CF8-ED1A2C441FBD}
	EndGlobalSection
EndGlobal
