
Microsoft Visual Studio Solution File, Format Version 12.00
# Visual Studio Version 16
VisualStudioVersion = 16.0.32802.440
MinimumVisualStudioVersion = 10.0.40219.1
Project("{FAE04EC0-301F-11D3-BF4B-00C04F79EFBC}") = "CalculadoraGrid", "CalculadoraGrid\CalculadoraGrid.csproj", "{D829C2C6-B3FA-4D50-8B9E-AC355D2876B7}"
EndProject
Global
	GlobalSection(SolutionConfigurationPlatforms) = preSolution
		Debug|Any CPU = Debug|Any CPU
		Release|Any CPU = Release|Any CPU
	EndGlobalSection
	GlobalSection(ProjectConfigurationPlatforms) = postSolution
		{D829C2C6-B3FA-4D50-8B9E-AC355D2876B7}.Debug|Any CPU.ActiveCfg = Debug|Any CPU
		{D829C2C6-B3FA-4D50-8B9E-AC355D2876B7}.Debug|Any CPU.Build.0 = Debug|Any CPU
		{D829C2C6-B3FA-4D50-8B9E-AC355D2876B7}.Release|Any CPU.ActiveCfg = Release|Any CPU
		{D829C2C6-B3FA-4D50-8B9E-AC355D2876B7}.Release|Any CPU.Build.0 = Release|Any CPU
	EndGlobalSection
	GlobalSection(SolutionProperties) = preSolution
		HideSolutionNode = FALSE
	EndGlobalSection
	GlobalSection(ExtensibilityGlobals) = postSolution
		SolutionGuid = {AF55DA7D-D2BF-4529-AEA0-9AD423D34B26}
	EndGlobalSection
EndGlobal
